
Microsoft Visual Studio Solution File, Format Version 12.00
# Visual Studio Version 17
VisualStudioVersion = 17.4.33110.190
MinimumVisualStudioVersion = 10.0.40219.1
Project("{9A19103F-16F7-4668-BE54-9A1E7A4F7556}") = "episerver-press-releases", "episerver-press-releases.csproj", "{E123AC4B-D9AC-4768-A785-FCA7A83588E3}"
EndProject
Project("{FAE04EC0-301F-11D3-BF4B-00C04F79EFBC}") = "PressReleases.Core", "..\PressReleases.Core\PressReleases.Core.csproj", "{31BB9E2B-B3F6-433D-90B6-E34EDC1CE72E}"
EndProject
Global
	GlobalSection(SolutionConfigurationPlatforms) = preSolution
		Debug|Any CPU = Debug|Any CPU
		Release|Any CPU = Release|Any CPU
	EndGlobalSection
	GlobalSection(ProjectConfigurationPlatforms) = postSolution
		{E123AC4B-D9AC-4768-A785-FCA7A83588E3}.Debug|Any CPU.ActiveCfg = Debug|Any CPU
		{E123AC4B-D9AC-4768-A785-FCA7A83588E3}.Debug|Any CPU.Build.0 = Debug|Any CPU
		{E123AC4B-D9AC-4768-A785-FCA7A83588E3}.Release|Any CPU.ActiveCfg = Release|Any CPU
		{E123AC4B-D9AC-4768-A785-FCA7A83588E3}.Release|Any CPU.Build.0 = Release|Any CPU
		{31BB9E2B-B3F6-433D-90B6-E34EDC1CE72E}.Debug|Any CPU.ActiveCfg = Debug|Any CPU
		{31BB9E2B-B3F6-433D-90B6-E34EDC1CE72E}.Debug|Any CPU.Build.0 = Debug|Any CPU
		{31BB9E2B-B3F6-433D-90B6-E34EDC1CE72E}.Release|Any CPU.ActiveCfg = Release|Any CPU
		{31BB9E2B-B3F6-433D-90B6-E34EDC1CE72E}.Release|Any CPU.Build.0 = Release|Any CPU
	EndGlobalSection
	GlobalSection(SolutionProperties) = preSolution
		HideSolutionNode = FALSE
	EndGlobalSection
	GlobalSection(ExtensibilityGlobals) = postSolution
		SolutionGuid = {BEB1BD47-7ADC-492F-8654-4119AEFEA46A}
	EndGlobalSection
EndGlobal
